
Microsoft Visual Studio Solution File, Format Version 12.00
# Visual Studio Version 17
VisualStudioVersion = 17.13.35931.197 d17.13
MinimumVisualStudioVersion = 10.0.40219.1
Project("{FAE04EC0-301F-11D3-BF4B-00C04F79EFBC}") = "projPOO_ex2", "projPOO_ex2\projPOO_ex2.csproj", "{0D16FB5B-AF58-436C-8C1A-2E81DAD651F1}"
EndProject
Global
	GlobalSection(SolutionConfigurationPlatforms) = preSolution
		Debug|Any CPU = Debug|Any CPU
		Release|Any CPU = Release|Any CPU
	EndGlobalSection
	GlobalSection(ProjectConfigurationPlatforms) = postSolution
		{0D16FB5B-AF58-436C-8C1A-2E81DAD651F1}.Debug|Any CPU.ActiveCfg = Debug|Any CPU
		{0D16FB5B-AF58-436C-8C1A-2E81DAD651F1}.Debug|Any CPU.Build.0 = Debug|Any CPU
		{0D16FB5B-AF58-436C-8C1A-2E81DAD651F1}.Release|Any CPU.ActiveCfg = Release|Any CPU
		{0D16FB5B-AF58-436C-8C1A-2E81DAD651F1}.Release|Any CPU.Build.0 = Release|Any CPU
	EndGlobalSection
	GlobalSection(SolutionProperties) = preSolution
		HideSolutionNode = FALSE
	EndGlobalSection
	GlobalSection(ExtensibilityGlobals) = postSolution
		SolutionGuid = {C5C0E59E-2D06-4D0C-937B-FA36CD7F739B}
	EndGlobalSection
EndGlobal
