
Microsoft Visual Studio Solution File, Format Version 12.00
# Visual Studio Version 17
VisualStudioVersion = 17.14.36414.22 d17.14
MinimumVisualStudioVersion = 10.0.40219.1
Project("{FAE04EC0-301F-11D3-BF4B-00C04F79EFBC}") = "projPOO_ex13", "projPOO_ex13\projPOO_ex13.csproj", "{29226D00-43DD-4303-849B-721EE21D7173}"
EndProject
Global
	GlobalSection(SolutionConfigurationPlatforms) = preSolution
		Debug|Any CPU = Debug|Any CPU
		Release|Any CPU = Release|Any CPU
	EndGlobalSection
	GlobalSection(ProjectConfigurationPlatforms) = postSolution
		{29226D00-43DD-4303-849B-721EE21D7173}.Debug|Any CPU.ActiveCfg = Debug|Any CPU
		{29226D00-43DD-4303-849B-721EE21D7173}.Debug|Any CPU.Build.0 = Debug|Any CPU
		{29226D00-43DD-4303-849B-721EE21D7173}.Release|Any CPU.ActiveCfg = Release|Any CPU
		{29226D00-43DD-4303-849B-721EE21D7173}.Release|Any CPU.Build.0 = Release|Any CPU
	EndGlobalSection
	GlobalSection(SolutionProperties) = preSolution
		HideSolutionNode = FALSE
	EndGlobalSection
	GlobalSection(ExtensibilityGlobals) = postSolution
		SolutionGuid = {98005C89-FBA0-45BB-B678-AC8EF12348CE}
	EndGlobalSection
EndGlobal
